// !$*UTF8*$!
{
	archiveVersion = 1;
	classes = {
	};
	objectVersion = 56;
	objects = {

/* Begin PBXBuildFile section */
		AC87A0E62B16C81100098620 /* AppDelegate.swift in Sources */ = {isa = PBXBuildFile; fileRef = AC87A0E52B16C81100098620 /* AppDelegate.swift */; };
		AC87A0E82B16C81100098620 /* SceneDelegate.swift in Sources */ = {isa = PBXBuildFile; fileRef = AC87A0E72B16C81100098620 /* SceneDelegate.swift */; };
		AC87A0EA2B16C81100098620 /* ViewController.swift in Sources */ = {isa = PBXBuildFile; fileRef = AC87A0E92B16C81100098620 /* ViewController.swift */; };
		AC87A0ED2B16C81100098620 /* Main.storyboard in Resources */ = {isa = PBXBuildFile; fileRef = AC87A0EB2B16C81100098620 /* Main.storyboard */; };
		AC87A0EF2B16C81300098620 /* Assets.xcassets in Resources */ = {isa = PBXBuildFile; fileRef = AC87A0EE2B16C81300098620 /* Assets.xcassets */; };
		AC87A0F22B16C81300098620 /* LaunchScreen.storyboard in Resources */ = {isa = PBXBuildFile; fileRef = AC87A0F02B16C81300098620 /* LaunchScreen.storyboard */; };
		AC87A0FD2B16C81300098620 /* SwiftGTMTests.swift in Sources */ = {isa = PBXBuildFile; fileRef = AC87A0FC2B16C81300098620 /* SwiftGTMTests.swift */; };
		AC87A1072B16C81300098620 /* SwiftGTMUITests.swift in Sources */ = {isa = PBXBuildFile; fileRef = AC87A1062B16C81300098620 /* SwiftGTMUITests.swift */; };
		AC87A1092B16C81300098620 /* SwiftGTMUITestsLaunchTests.swift in Sources */ = {isa = PBXBuildFile; fileRef = AC87A1082B16C81300098620 /* SwiftGTMUITestsLaunchTests.swift */; };
/* End PBXBuildFile section */

/* Begin PBXContainerItemProxy section */
		AC87A0F92B16C81300098620 /* PBXContainerItemProxy */ = {
			isa = PBXContainerItemProxy;
			containerPortal = AC87A0DA2B16C81100098620 /* Project object */;
			proxyType = 1;
			remoteGlobalIDString = AC87A0E12B16C81100098620;
			remoteInfo = SwiftGTM;
		};
		AC87A1032B16C81300098620 /* PBXContainerItemProxy */ = {
			isa = PBXContainerItemProxy;
			containerPortal = AC87A0DA2B16C81100098620 /* Project object */;
			proxyType = 1;
			remoteGlobalIDString = AC87A0E12B16C81100098620;
			remoteInfo = SwiftGTM;
		};
/* End PBXContainerItemProxy section */

/* Begin PBXFileReference section */
		AC87A0E22B16C81100098620 /* SwiftGTM.app */ = {isa = PBXFileReference; explicitFileType = wrapper.application; includeInIndex = 0; path = SwiftGTM.app; sourceTree = BUILT_PRODUCTS_DIR; };
		AC87A0E52B16C81100098620 /* AppDelegate.swift */ = {isa = PBXFileReference; lastKnownFileType = sourcecode.swift; path = AppDelegate.swift; sourceTree = "<group>"; };
		AC87A0E72B16C81100098620 /* SceneDelegate.swift */ = {isa = PBXFileReference; lastKnownFileType = sourcecode.swift; path = SceneDelegate.swift; sourceTree = "<group>"; };
		AC87A0E92B16C81100098620 /* ViewController.swift */ = {isa = PBXFileReference; lastKnownFileType = sourcecode.swift; path = ViewController.swift; sourceTree = "<group>"; };
		AC87A0EC2B16C81100098620 /* Base */ = {isa = PBXFileReference; lastKnownFileType = file.storyboard; name = Base; path = Base.lproj/Main.storyboard; sourceTree = "<group>"; };
		AC87A0EE2B16C81300098620 /* Assets.xcassets */ = {isa = PBXFileReference; lastKnownFileType = folder.assetcatalog; path = Assets.xcassets; sourceTree = "<group>"; };
		AC87A0F12B16C81300098620 /* Base */ = {isa = PBXFileReference; lastKnownFileType = file.storyboard; name = Base; path = Base.lproj/LaunchScreen.storyboard; sourceTree = "<group>"; };
		AC87A0F32B16C81300098620 /* Info.plist */ = {isa = PBXFileReference; lastKnownFileType = text.plist.xml; path = Info.plist; sourceTree = "<group>"; };
		AC87A0F82B16C81300098620 /* SwiftGTMTests.xctest */ = {isa = PBXFileReference; explicitFileType = wrapper.cfbundle; includeInIndex = 0; path = SwiftGTMTests.xctest; sourceTree = BUILT_PRODUCTS_DIR; };
		AC87A0FC2B16C81300098620 /* SwiftGTMTests.swift */ = {isa = PBXFileReference; lastKnownFileType = sourcecode.swift; path = SwiftGTMTests.swift; sourceTree = "<group>"; };
		AC87A1022B16C81300098620 /* SwiftGTMUITests.xctest */ = {isa = PBXFileReference; explicitFileType = wrapper.cfbundle; includeInIndex = 0; path = SwiftGTMUITests.xctest; sourceTree = BUILT_PRODUCTS_DIR; };
		AC87A1062B16C81300098620 /* SwiftGTMUITests.swift */ = {isa = PBXFileReference; lastKnownFileType = sourcecode.swift; path = SwiftGTMUITests.swift; sourceTree = "<group>"; };
		AC87A1082B16C81300098620 /* SwiftGTMUITestsLaunchTests.swift */ = {isa = PBXFileReference; lastKnownFileType = sourcecode.swift; path = SwiftGTMUITestsLaunchTests.swift; sourceTree = "<group>"; };
/* End PBXFileReference section */

/* Begin PBXFrameworksBuildPhase section */
		AC87A0DF2B16C81100098620 /* Frameworks */ = {
			isa = PBXFrameworksBuildPhase;
			buildActionMask = 2147483647;
			files = (
			);
			runOnlyForDeploymentPostprocessing = 0;
		};
		AC87A0F52B16C81300098620 /* Frameworks */ = {
			isa = PBXFrameworksBuildPhase;
			buildActionMask = 2147483647;
			files = (
			);
			runOnlyForDeploymentPostprocessing = 0;
		};
		AC87A0FF2B16C81300098620 /* Frameworks */ = {
			isa = PBXFrameworksBuildPhase;
			buildActionMask = 2147483647;
			files = (
			);
			runOnlyForDeploymentPostprocessing = 0;
		};
/* End PBXFrameworksBuildPhase section */

/* Begin PBXGroup section */
		AC87A0D92B16C81100098620 = {
			isa = PBXGroup;
			children = (
				AC87A0E42B16C81100098620 /* SwiftGTM */,
				AC87A0FB2B16C81300098620 /* SwiftGTMTests */,
				AC87A1052B16C81300098620 /* SwiftGTMUITests */,
				AC87A0E32B16C81100098620 /* Products */,
			);
			sourceTree = "<group>";
		};
		AC87A0E32B16C81100098620 /* Products */ = {
			isa = PBXGroup;
			children = (
				AC87A0E22B16C81100098620 /* SwiftGTM.app */,
				AC87A0F82B16C81300098620 /* SwiftGTMTests.xctest */,
				AC87A1022B16C81300098620 /* SwiftGTMUITests.xctest */,
			);
			name = Products;
			sourceTree = "<group>";
		};
		AC87A0E42B16C81100098620 /* SwiftGTM */ = {
			isa = PBXGroup;
			children = (
				AC87A0E52B16C81100098620 /* AppDelegate.swift */,
				AC87A0E72B16C81100098620 /* SceneDelegate.swift */,
				AC87A0E92B16C81100098620 /* ViewController.swift */,
				AC87A0EB2B16C81100098620 /* Main.storyboard */,
				AC87A0EE2B16C81300098620 /* Assets.xcassets */,
				AC87A0F02B16C81300098620 /* LaunchScreen.storyboard */,
				AC87A0F32B16C81300098620 /* Info.plist */,
			);
			path = SwiftGTM;
			sourceTree = "<group>";
		};
		AC87A0FB2B16C81300098620 /* SwiftGTMTests */ = {
			isa = PBXGroup;
			children = (
				AC87A0FC2B16C81300098620 /* SwiftGTMTests.swift */,
			);
			path = SwiftGTMTests;
			sourceTree = "<group>";
		};
		AC87A1052B16C81300098620 /* SwiftGTMUITests */ = {
			isa = PBXGroup;
			children = (
				AC87A1062B16C81300098620 /* SwiftGTMUITests.swift */,
				AC87A1082B16C81300098620 /* SwiftGTMUITestsLaunchTests.swift */,
			);
			path = SwiftGTMUITests;
			sourceTree = "<group>";
		};
/* End PBXGroup section */

/* Begin PBXNativeTarget section */
		AC87A0E12B16C81100098620 /* SwiftGTM */ = {
			isa = PBXNativeTarget;
			buildConfigurationList = AC87A10C2B16C81300098620 /* Build configuration list for PBXNativeTarget "SwiftGTM" */;
			buildPhases = (
				AC87A0DE2B16C81100098620 /* Sources */,
				AC87A0DF2B16C81100098620 /* Frameworks */,
				AC87A0E02B16C81100098620 /* Resources */,
			);
			buildRules = (
			);
			dependencies = (
			);
			name = SwiftGTM;
			productName = SwiftGTM;
			productReference = AC87A0E22B16C81100098620 /* SwiftGTM.app */;
			productType = "com.apple.product-type.application";
		};
		AC87A0F72B16C81300098620 /* SwiftGTMTests */ = {
			isa = PBXNativeTarget;
			buildConfigurationList = AC87A10F2B16C81300098620 /* Build configuration list for PBXNativeTarget "SwiftGTMTests" */;
			buildPhases = (
				AC87A0F42B16C81300098620 /* Sources */,
				AC87A0F52B16C81300098620 /* Frameworks */,
				AC87A0F62B16C81300098620 /* Resources */,
			);
			buildRules = (
			);
			dependencies = (
				AC87A0FA2B16C81300098620 /* PBXTargetDependency */,
			);
			name = SwiftGTMTests;
			productName = SwiftGTMTests;
			productReference = AC87A0F82B16C81300098620 /* SwiftGTMTests.xctest */;
			productType = "com.apple.product-type.bundle.unit-test";
		};
		AC87A1012B16C81300098620 /* SwiftGTMUITests */ = {
			isa = PBXNativeTarget;
			buildConfigurationList = AC87A1122B16C81300098620 /* Build configuration list for PBXNativeTarget "SwiftGTMUITests" */;
			buildPhases = (
				AC87A0FE2B16C81300098620 /* Sources */,
				AC87A0FF2B16C81300098620 /* Frameworks */,
				AC87A1002B16C81300098620 /* Resources */,
			);
			buildRules = (
			);
			dependencies = (
				AC87A1042B16C81300098620 /* PBXTargetDependency */,
			);
			name = SwiftGTMUITests;
			productName = SwiftGTMUITests;
			productReference = AC87A1022B16C81300098620 /* SwiftGTMUITests.xctest */;
			productType = "com.apple.product-type.bundle.ui-testing";
		};
/* End PBXNativeTarget section */

/* Begin PBXProject section */
		AC87A0DA2B16C81100098620 /* Project object */ = {
			isa = PBXProject;
			attributes = {
				BuildIndependentTargetsInParallel = 1;
				LastSwiftUpdateCheck = 1500;
				LastUpgradeCheck = 1500;
				TargetAttributes = {
					AC87A0E12B16C81100098620 = {
						CreatedOnToolsVersion = 15.0;
					};
					AC87A0F72B16C81300098620 = {
						CreatedOnToolsVersion = 15.0;
						TestTargetID = AC87A0E12B16C81100098620;
					};
					AC87A1012B16C81300098620 = {
						CreatedOnToolsVersion = 15.0;
						TestTargetID = AC87A0E12B16C81100098620;
					};
				};
			};
			buildConfigurationList = AC87A0DD2B16C81100098620 /* Build configuration list for PBXProject "SwiftGTM" */;
			compatibilityVersion = "Xcode 14.0";
			developmentRegion = en;
			hasScannedForEncodings = 0;
			knownRegions = (
				en,
				Base,
			);
			mainGroup = AC87A0D92B16C81100098620;
			productRefGroup = AC87A0E32B16C81100098620 /* Products */;
			projectDirPath = "";
			projectRoot = "";
			targets = (
				AC87A0E12B16C81100098620 /* SwiftGTM */,
				AC87A0F72B16C81300098620 /* SwiftGTMTests */,
				AC87A1012B16C81300098620 /* SwiftGTMUITests */,
			);
		};
/* End PBXProject section */

/* Begin PBXResourcesBuildPhase section */
		AC87A0E02B16C81100098620 /* Resources */ = {
			isa = PBXResourcesBuildPhase;
			buildActionMask = 2147483647;
			files = (
				AC87A0F22B16C81300098620 /* LaunchScreen.storyboard in Resources */,
				AC87A0EF2B16C81300098620 /* Assets.xcassets in Resources */,
				AC87A0ED2B16C81100098620 /* Main.storyboard in Resources */,
			);
			runOnlyForDeploymentPostprocessing = 0;
		};
		AC87A0F62B16C81300098620 /* Resources */ = {
			isa = PBXResourcesBuildPhase;
			buildActionMask = 2147483647;
			files = (
			);
			runOnlyForDeploymentPostprocessing = 0;
		};
		AC87A1002B16C81300098620 /* Resources */ = {
			isa = PBXResourcesBuildPhase;
			buildActionMask = 2147483647;
			files = (
			);
			runOnlyForDeploymentPostprocessing = 0;
		};
/* End PBXResourcesBuildPhase section */

/* Begin PBXSourcesBuildPhase section */
		AC87A0DE2B16C81100098620 /* Sources */ = {
			isa = PBXSourcesBuildPhase;
			buildActionMask = 2147483647;
			files = (
				AC87A0EA2B16C81100098620 /* ViewController.swift in Sources */,
				AC87A0E62B16C81100098620 /* AppDelegate.swift in Sources */,
				AC87A0E82B16C81100098620 /* SceneDelegate.swift in Sources */,
			);
			runOnlyForDeploymentPostprocessing = 0;
		};
		AC87A0F42B16C81300098620 /* Sources */ = {
			isa = PBXSourcesBuildPhase;
			buildActionMask = 2147483647;
			files = (
				AC87A0FD2B16C81300098620 /* SwiftGTMTests.swift in Sources */,
			);
			runOnlyForDeploymentPostprocessing = 0;
		};
		AC87A0FE2B16C81300098620 /* Sources */ = {
			isa = PBXSourcesBuildPhase;
			buildActionMask = 2147483647;
			files = (
				AC87A1092B16C81300098620 /* SwiftGTMUITestsLaunchTests.swift in Sources */,
				AC87A1072B16C81300098620 /* SwiftGTMUITests.swift in Sources */,
			);
			runOnlyForDeploymentPostprocessing = 0;
		};
/* End PBXSourcesBuildPhase section */

/* Begin PBXTargetDependency section */
		AC87A0FA2B16C81300098620 /* PBXTargetDependency */ = {
			isa = PBXTargetDependency;
			target = AC87A0E12B16C81100098620 /* SwiftGTM */;
			targetProxy = AC87A0F92B16C81300098620 /* PBXContainerItemProxy */;
		};
		AC87A1042B16C81300098620 /* PBXTargetDependency */ = {
			isa = PBXTargetDependency;
			target = AC87A0E12B16C81100098620 /* SwiftGTM */;
			targetProxy = AC87A1032B16C81300098620 /* PBXContainerItemProxy */;
		};
/* End PBXTargetDependency section */

/* Begin PBXVariantGroup section */
		AC87A0EB2B16C81100098620 /* Main.storyboard */ = {
			isa = PBXVariantGroup;
			children = (
				AC87A0EC2B16C81100098620 /* Base */,
			);
			name = Main.storyboard;
			sourceTree = "<group>";
		};
		AC87A0F02B16C81300098620 /* LaunchScreen.storyboard */ = {
			isa = PBXVariantGroup;
			children = (
				AC87A0F12B16C81300098620 /* Base */,
			);
			name = LaunchScreen.storyboard;
			sourceTree = "<group>";
		};
/* End PBXVariantGroup section */

/* Begin XCBuildConfiguration section */
		AC87A10A2B16C81300098620 /* Debug */ = {
			isa = XCBuildConfiguration;
			buildSettings = {
				ALWAYS_SEARCH_USER_PATHS = NO;
				ASSETCATALOG_COMPILER_GENERATE_SWIFT_ASSET_SYMBOL_EXTENSIONS = YES;
				CLANG_ANALYZER_NONNULL = YES;
				CLANG_ANALYZER_NUMBER_OBJECT_CONVERSION = YES_AGGRESSIVE;
				CLANG_CXX_LANGUAGE_STANDARD = "gnu++20";
				CLANG_ENABLE_MODULES = YES;
				CLANG_ENABLE_OBJC_ARC = YES;
				CLANG_ENABLE_OBJC_WEAK = YES;
				CLANG_WARN_BLOCK_CAPTURE_AUTORELEASING = YES;
				CLANG_WARN_BOOL_CONVERSION = YES;
				CLANG_WARN_COMMA = YES;
				CLANG_WARN_CONSTANT_CONVERSION = YES;
				CLANG_WARN_DEPRECATED_OBJC_IMPLEMENTATIONS = YES;
				CLANG_WARN_DIRECT_OBJC_ISA_USAGE = YES_ERROR;
				CLANG_WARN_DOCUMENTATION_COMMENTS = YES;
				CLANG_WARN_EMPTY_BODY = YES;
				CLANG_WARN_ENUM_CONVERSION = YES;
				CLANG_WARN_INFINITE_RECURSION = YES;
				CLANG_WARN_INT_CONVERSION = YES;
				CLANG_WARN_NON_LITERAL_NULL_CONVERSION = YES;
				CLANG_WARN_OBJC_IMPLICIT_RETAIN_SELF = YES;
				CLANG_WARN_OBJC_LITERAL_CONVERSION = YES;
				CLANG_WARN_OBJC_ROOT_CLASS = YES_ERROR;
				CLANG_WARN_QUOTED_INCLUDE_IN_FRAMEWORK_HEADER = YES;
				CLANG_WARN_RANGE_LOOP_ANALYSIS = YES;
				CLANG_WARN_STRICT_PROTOTYPES = YES;
				CLANG_WARN_SUSPICIOUS_MOVE = YES;
				CLANG_WARN_UNGUARDED_AVAILABILITY = YES_AGGRESSIVE;
				CLANG_WARN_UNREACHABLE_CODE = YES;
				CLANG_WARN__DUPLICATE_METHOD_MATCH = YES;
				COPY_PHASE_STRIP = NO;
				DEBUG_INFORMATION_FORMAT = dwarf;
				ENABLE_STRICT_OBJC_MSGSEND = YES;
				ENABLE_TESTABILITY = YES;
				ENABLE_USER_SCRIPT_SANDBOXING = YES;
				GCC_C_LANGUAGE_STANDARD = gnu17;
				GCC_DYNAMIC_NO_PIC = NO;
				GCC_NO_COMMON_BLOCKS = YES;
				GCC_OPTIMIZATION_LEVEL = 0;
				GCC_PREPROCESSOR_DEFINITIONS = (
					"DEBUG=1",
					"$(inherited)",
				);
				GCC_WARN_64_TO_32_BIT_CONVERSION = YES;
				GCC_WARN_ABOUT_RETURN_TYPE = YES_ERROR;
				GCC_WARN_UNDECLARED_SELECTOR = YES;
				GCC_WARN_UNINITIALIZED_AUTOS = YES_AGGRESSIVE;
				GCC_WARN_UNUSED_FUNCTION = YES;
				GCC_WARN_UNUSED_VARIABLE = YES;
				IPHONEOS_DEPLOYMENT_TARGET = 17.0;
				LOCALIZATION_PREFERS_STRING_CATALOGS = YES;
				MTL_ENABLE_DEBUG_INFO = INCLUDE_SOURCE;
				MTL_FAST_MATH = YES;
				ONLY_ACTIVE_ARCH = YES;
				SDKROOT = iphoneos;
				SWIFT_ACTIVE_COMPILATION_CONDITIONS = "DEBUG $(inherited)";
				SWIFT_OPTIMIZATION_LEVEL = "-Onone";
			};
			name = Debug;
		};
		AC87A10B2B16C81300098620 /* Release */ = {
			isa = XCBuildConfiguration;
			buildSettings = {
				ALWAYS_SEARCH_USER_PATHS = NO;
				ASSETCATALOG_COMPILER_GENERATE_SWIFT_ASSET_SYMBOL_EXTENSIONS = YES;
				CLANG_ANALYZER_NONNULL = YES;
				CLANG_ANALYZER_NUMBER_OBJECT_CONVERSION = YES_AGGRESSIVE;
				CLANG_CXX_LANGUAGE_STANDARD = "gnu++20";
				CLANG_ENABLE_MODULES = YES;
				CLANG_ENABLE_OBJC_ARC = YES;
				CLANG_ENABLE_OBJC_WEAK = YES;
				CLANG_WARN_BLOCK_CAPTURE_AUTORELEASING = YES;
				CLANG_WARN_BOOL_CONVERSION = YES;
				CLANG_WARN_COMMA = YES;
				CLANG_WARN_CONSTANT_CONVERSION = YES;
				CLANG_WARN_DEPRECATED_OBJC_IMPLEMENTATIONS = YES;
				CLANG_WARN_DIRECT_OBJC_ISA_USAGE = YES_ERROR;
				CLANG_WARN_DOCUMENTATION_COMMENTS = YES;
				CLANG_WARN_EMPTY_BODY = YES;
				CLANG_WARN_ENUM_CONVERSION = YES;
				CLANG_WARN_INFINITE_RECURSION = YES;
				CLANG_WARN_INT_CONVERSION = YES;
				CLANG_WARN_NON_LITERAL_NULL_CONVERSION = YES;
				CLANG_WARN_OBJC_IMPLICIT_RETAIN_SELF = YES;
				CLANG_WARN_OBJC_LITERAL_CONVERSION = YES;
				CLANG_WARN_OBJC_ROOT_CLASS = YES_ERROR;
				CLANG_WARN_QUOTED_INCLUDE_IN_FRAMEWORK_HEADER = YES;
				CLANG_WARN_RANGE_LOOP_ANALYSIS = YES;
				CLANG_WARN_STRICT_PROTOTYPES = YES;
				CLANG_WARN_SUSPICIOUS_MOVE = YES;
				CLANG_WARN_UNGUARDED_AVAILABILITY = YES_AGGRESSIVE;
				CLANG_WARN_UNREACHABLE_CODE = YES;
				CLANG_WARN__DUPLICATE_METHOD_MATCH = YES;
				COPY_PHASE_STRIP = NO;
				DEBUG_INFORMATION_FORMAT = "dwarf-with-dsym";
				ENABLE_NS_ASSERTIONS = NO;
				ENABLE_STRICT_OBJC_MSGSEND = YES;
				ENABLE_USER_SCRIPT_SANDBOXING = YES;
				GCC_C_LANGUAGE_STANDARD = gnu17;
				GCC_NO_COMMON_BLOCKS = YES;
				GCC_WARN_64_TO_32_BIT_CONVERSION = YES;
				GCC_WARN_ABOUT_RETURN_TYPE = YES_ERROR;
				GCC_WARN_UNDECLARED_SELECTOR = YES;
				GCC_WARN_UNINITIALIZED_AUTOS = YES_AGGRESSIVE;
				GCC_WARN_UNUSED_FUNCTION = YES;
				GCC_WARN_UNUSED_VARIABLE = YES;
				IPHONEOS_DEPLOYMENT_TARGET = 17.0;
				LOCALIZATION_PREFERS_STRING_CATALOGS = YES;
				MTL_ENABLE_DEBUG_INFO = NO;
				MTL_FAST_MATH = YES;
				SDKROOT = iphoneos;
				SWIFT_COMPILATION_MODE = wholemodule;
				VALIDATE_PRODUCT = YES;
			};
			name = Release;
		};
		AC87A10D2B16C81300098620 /* Debug */ = {
			isa = XCBuildConfiguration;
			buildSettings = {
				ASSETCATALOG_COMPILER_APPICON_NAME = AppIcon;
				ASSETCATALOG_COMPILER_GLOBAL_ACCENT_COLOR_NAME = AccentColor;
				CODE_SIGN_STYLE = Automatic;
				CURRENT_PROJECT_VERSION = 1;
				DEVELOPMENT_TEAM = DC8GM39E89;
				GENERATE_INFOPLIST_FILE = YES;
				INFOPLIST_FILE = SwiftGTM/Info.plist;
				INFOPLIST_KEY_UIApplicationSupportsIndirectInputEvents = YES;
				INFOPLIST_KEY_UILaunchStoryboardName = LaunchScreen;
				INFOPLIST_KEY_UIMainStoryboardFile = Main;
				INFOPLIST_KEY_UISupportedInterfaceOrientations_iPad = "UIInterfaceOrientationPortrait UIInterfaceOrientationPortraitUpsideDown UIInterfaceOrientationLandscapeLeft UIInterfaceOrientationLandscapeRight";
				INFOPLIST_KEY_UISupportedInterfaceOrientations_iPhone = "UIInterfaceOrientationPortrait UIInterfaceOrientationLandscapeLeft UIInterfaceOrientationLandscapeRight";
				LD_RUNPATH_SEARCH_PATHS = (
					"$(inherited)",
					"@executable_path/Frameworks",
				);
				MARKETING_VERSION = 1.0;
				PRODUCT_BUNDLE_IDENTIFIER = com.incross.SwiftGTM;
				PRODUCT_NAME = "$(TARGET_NAME)";
				SWIFT_EMIT_LOC_STRINGS = YES;
				SWIFT_VERSION = 5.0;
				TARGETED_DEVICE_FAMILY = "1,2";
			};
			name = Debug;
		};
		AC87A10E2B16C81300098620 /* Release */ = {
			isa = XCBuildConfiguration;
			buildSettings = {
				ASSETCATALOG_COMPILER_APPICON_NAME = AppIcon;
				ASSETCATALOG_COMPILER_GLOBAL_ACCENT_COLOR_NAME = AccentColor;
				CODE_SIGN_STYLE = Automatic;
				CURRENT_PROJECT_VERSION = 1;
				DEVELOPMENT_TEAM = DC8GM39E89;
				GENERATE_INFOPLIST_FILE = YES;
				INFOPLIST_FILE = SwiftGTM/Info.plist;
				INFOPLIST_KEY_UIApplicationSupportsIndirectInputEvents = YES;
				INFOPLIST_KEY_UILaunchStoryboardName = LaunchScreen;
				INFOPLIST_KEY_UIMainStoryboardFile = Main;
				INFOPLIST_KEY_UISupportedInterfaceOrientations_iPad = "UIInterfaceOrientationPortrait UIInterfaceOrientationPortraitUpsideDown UIInterfaceOrientationLandscapeLeft UIInterfaceOrientationLandscapeRight";
				INFOPLIST_KEY_UISupportedInterfaceOrientations_iPhone = "UIInterfaceOrientationPortrait UIInterfaceOrientationLandscapeLeft UIInterfaceOrientationLandscapeRight";
				LD_RUNPATH_SEARCH_PATHS = (
					"$(inherited)",
					"@executable_path/Frameworks",
				);
				MARKETING_VERSION = 1.0;
				PRODUCT_BUNDLE_IDENTIFIER = com.incross.SwiftGTM;
				PRODUCT_NAME = "$(TARGET_NAME)";
				SWIFT_EMIT_LOC_STRINGS = YES;
				SWIFT_VERSION = 5.0;
				TARGETED_DEVICE_FAMILY = "1,2";
			};
			name = Release;
		};
		AC87A1102B16C81300098620 /* Debug */ = {
			isa = XCBuildConfiguration;
			buildSettings = {
				ALWAYS_EMBED_SWIFT_STANDARD_LIBRARIES = YES;
				BUNDLE_LOADER = "$(TEST_HOST)";
				CODE_SIGN_STYLE = Automatic;
				CURRENT_PROJECT_VERSION = 1;
				DEVELOPMENT_TEAM = DC8GM39E89;
				GENERATE_INFOPLIST_FILE = YES;
				IPHONEOS_DEPLOYMENT_TARGET = 17.0;
				MARKETING_VERSION = 1.0;
				PRODUCT_BUNDLE_IDENTIFIER = com.incross.SwiftGTMTests;
				PRODUCT_NAME = "$(TARGET_NAME)";
				SWIFT_EMIT_LOC_STRINGS = NO;
				SWIFT_VERSION = 5.0;
				TARGETED_DEVICE_FAMILY = "1,2";
				TEST_HOST = "$(BUILT_PRODUCTS_DIR)/SwiftGTM.app/$(BUNDLE_EXECUTABLE_FOLDER_PATH)/SwiftGTM";
			};
			name = Debug;
		};
		AC87A1112B16C81300098620 /* Release */ = {
			isa = XCBuildConfiguration;
			buildSettings = {
				ALWAYS_EMBED_SWIFT_STANDARD_LIBRARIES = YES;
				BUNDLE_LOADER = "$(TEST_HOST)";
				CODE_SIGN_STYLE = Automatic;
				CURRENT_PROJECT_VERSION = 1;
				DEVELOPMENT_TEAM = DC8GM39E89;
				GENERATE_INFOPLIST_FILE = YES;
				IPHONEOS_DEPLOYMENT_TARGET = 17.0;
				MARKETING_VERSION = 1.0;
				PRODUCT_BUNDLE_IDENTIFIER = com.incross.SwiftGTMTests;
				PRODUCT_NAME = "$(TARGET_NAME)";
				SWIFT_EMIT_LOC_STRINGS = NO;
				SWIFT_VERSION = 5.0;
				TARGETED_DEVICE_FAMILY = "1,2";
				TEST_HOST = "$(BUILT_PRODUCTS_DIR)/SwiftGTM.app/$(BUNDLE_EXECUTABLE_FOLDER_PATH)/SwiftGTM";
			};
			name = Release;
		};
		AC87A1132B16C81300098620 /* Debug */ = {
			isa = XCBuildConfiguration;
			buildSettings = {
				ALWAYS_EMBED_SWIFT_STANDARD_LIBRARIES = YES;
				CODE_SIGN_STYLE = Automatic;
				CURRENT_PROJECT_VERSION = 1;
				DEVELOPMENT_TEAM = DC8GM39E89;
				GENERATE_INFOPLIST_FILE = YES;
				MARKETING_VERSION = 1.0;
				PRODUCT_BUNDLE_IDENTIFIER = com.incross.SwiftGTMUITests;
				PRODUCT_NAME = "$(TARGET_NAME)";
				SWIFT_EMIT_LOC_STRINGS = NO;
				SWIFT_VERSION = 5.0;
				TARGETED_DEVICE_FAMILY = "1,2";
				TEST_TARGET_NAME = SwiftGTM;
			};
			name = Debug;
		};
		AC87A1142B16C81300098620 /* Release */ = {
			isa = XCBuildConfiguration;
			buildSettings = {
				ALWAYS_EMBED_SWIFT_STANDARD_LIBRARIES = YES;
				CODE_SIGN_STYLE = Automatic;
				CURRENT_PROJECT_VERSION = 1;
				DEVELOPMENT_TEAM = DC8GM39E89;
				GENERATE_INFOPLIST_FILE = YES;
				MARKETING_VERSION = 1.0;
				PRODUCT_BUNDLE_IDENTIFIER = com.incross.SwiftGTMUITests;
				PRODUCT_NAME = "$(TARGET_NAME)";
				SWIFT_EMIT_LOC_STRINGS = NO;
				SWIFT_VERSION = 5.0;
				TARGETED_DEVICE_FAMILY = "1,2";
				TEST_TARGET_NAME = SwiftGTM;
			};
			name = Release;
		};
/* End XCBuildConfiguration section */

/* Begin XCConfigurationList section */
		AC87A0DD2B16C81100098620 /* Build configuration list for PBXProject "SwiftGTM" */ = {
			isa = XCConfigurationList;
			buildConfigurations = (
				AC87A10A2B16C81300098620 /* Debug */,
				AC87A10B2B16C81300098620 /* Release */,
			);
			defaultConfigurationIsVisible = 0;
			defaultConfigurationName = Release;
		};
		AC87A10C2B16C81300098620 /* Build configuration list for PBXNativeTarget "SwiftGTM" */ = {
			isa = XCConfigurationList;
			buildConfigurations = (
				AC87A10D2B16C81300098620 /* Debug */,
				AC87A10E2B16C81300098620 /* Release */,
			);
			defaultConfigurationIsVisible = 0;
			defaultConfigurationName = Release;
		};
		AC87A10F2B16C81300098620 /* Build configuration list for PBXNativeTarget "SwiftGTMTests" */ = {
			isa = XCConfigurationList;
			buildConfigurations = (
				AC87A1102B16C81300098620 /* Debug */,
				AC87A1112B16C81300098620 /* Release */,
			);
			defaultConfigurationIsVisible = 0;
			defaultConfigurationName = Release;
		};
		AC87A1122B16C81300098620 /* Build configuration list for PBXNativeTarget "SwiftGTMUITests" */ = {
			isa = XCConfigurationList;
			buildConfigurations = (
				AC87A1132B16C81300098620 /* Debug */,
				AC87A1142B16C81300098620 /* Release */,
			);
			defaultConfigurationIsVisible = 0;
			defaultConfigurationName = Release;
		};
/* End XCConfigurationList section */
	};
	rootObject = AC87A0DA2B16C81100098620 /* Project object */;
}
